
Microsoft Visual Studio Solution File, Format Version 10.00
# Visual Studio 2008
Project("{8BC9CEB8-8B4A-11D0-8D11-00A0C91BC942}") = "suoshui", "suoshui\suoshui.vcproj", "{E578318B-BB92-4703-AB4A-3FF5F031A491}"
EndProject
Global
	GlobalSection(SolutionConfigurationPlatforms) = preSolution
		Debug|Win32 = Debug|Win32
		Release|Win32 = Release|Win32
	EndGlobalSection
	GlobalSection(ProjectConfigurationPlatforms) = postSolution
		{E578318B-BB92-4703-AB4A-3FF5F031A491}.Debug|Win32.ActiveCfg = Debug|Win32
		{E578318B-BB92-4703-AB4A-3FF5F031A491}.Debug|Win32.Build.0 = Debug|Win32
		{E578318B-BB92-4703-AB4A-3FF5F031A491}.Release|Win32.ActiveCfg = Release|Win32
		{E578318B-BB92-4703-AB4A-3FF5F031A491}.Release|Win32.Build.0 = Release|Win32
	EndGlobalSection
	GlobalSection(SolutionProperties) = preSolution
		HideSolutionNode = FALSE
	EndGlobalSection
EndGlobal
